<Solution>
  <Folder Name="/src/">
    <Project Path="src/SmartStockAI.App/SmartStockAI.App.csproj" />
    <Project Path="src/SmartStockAI.Core/SmartStockAI.Core.csproj" />
    <Project Path="src/SmartStockAI.Data/SmartStockAI.Data.csproj" />
  </Folder>
  <Folder Name="/tests/">
    <Project Path="tests/SmartStockAI.Tests/SmartStockAI.Tests.csproj" />
  </Folder>
</Solution>
